
Microsoft Visual Studio Solution File, Format Version 12.00
# Visual Studio Version 17
VisualStudioVersion = 17.2.32505.173
MinimumVisualStudioVersion = 10.0.40219.1
Project("{FAE04EC0-301F-11D3-BF4B-00C04F79EFBC}") = "ConsolaJuegoPapa", "ConsolaJuegoPapa\ConsolaJuegoPapa.csproj", "{3D22B8C2-CB39-4281-BF08-01A489D7063C}"
	ProjectSection(ProjectDependencies) = postProject
		{F6560334-BF6F-4C22-A8C3-12A32D918B15} = {F6560334-BF6F-4C22-A8C3-12A32D918B15}
	EndProjectSection
EndProject
Project("{E24C65DC-7377-472B-9ABA-BC803B73C61A}") = "ServicioJuegoPapa", "ServicioJuegoPapa\", "{F6560334-BF6F-4C22-A8C3-12A32D918B15}"
	ProjectSection(WebsiteProperties) = preProject
		TargetFrameworkMoniker = ".NETFramework,Version%3Dv4.7.2"
		Debug.AspNetCompiler.VirtualPath = "/localhost_50154"
		Debug.AspNetCompiler.PhysicalPath = "ServicioJuegoPapa\"
		Debug.AspNetCompiler.TargetPath = "PrecompiledWeb\localhost_50154\"
		Debug.AspNetCompiler.Updateable = "true"
		Debug.AspNetCompiler.ForceOverwrite = "true"
		Debug.AspNetCompiler.FixedNames = "false"
		Debug.AspNetCompiler.Debug = "True"
		Release.AspNetCompiler.VirtualPath = "/localhost_50154"
		Release.AspNetCompiler.PhysicalPath = "ServicioJuegoPapa\"
		Release.AspNetCompiler.TargetPath = "PrecompiledWeb\localhost_50154\"
		Release.AspNetCompiler.Updateable = "true"
		Release.AspNetCompiler.ForceOverwrite = "true"
		Release.AspNetCompiler.FixedNames = "false"
		Release.AspNetCompiler.Debug = "False"
		VWDPort = "50154"
		SlnRelativePath = "ServicioJuegoPapa\"
		DefaultWebSiteLanguage = "Visual C#"
	EndProjectSection
EndProject
Global
	GlobalSection(SolutionConfigurationPlatforms) = preSolution
		Debug|Any CPU = Debug|Any CPU
		Release|Any CPU = Release|Any CPU
	EndGlobalSection
	GlobalSection(ProjectConfigurationPlatforms) = postSolution
		{3D22B8C2-CB39-4281-BF08-01A489D7063C}.Debug|Any CPU.ActiveCfg = Debug|Any CPU
		{3D22B8C2-CB39-4281-BF08-01A489D7063C}.Debug|Any CPU.Build.0 = Debug|Any CPU
		{3D22B8C2-CB39-4281-BF08-01A489D7063C}.Release|Any CPU.ActiveCfg = Release|Any CPU
		{3D22B8C2-CB39-4281-BF08-01A489D7063C}.Release|Any CPU.Build.0 = Release|Any CPU
		{F6560334-BF6F-4C22-A8C3-12A32D918B15}.Debug|Any CPU.ActiveCfg = Debug|Any CPU
		{F6560334-BF6F-4C22-A8C3-12A32D918B15}.Debug|Any CPU.Build.0 = Debug|Any CPU
		{F6560334-BF6F-4C22-A8C3-12A32D918B15}.Release|Any CPU.ActiveCfg = Debug|Any CPU
		{F6560334-BF6F-4C22-A8C3-12A32D918B15}.Release|Any CPU.Build.0 = Debug|Any CPU
	EndGlobalSection
	GlobalSection(SolutionProperties) = preSolution
		HideSolutionNode = FALSE
	EndGlobalSection
	GlobalSection(ExtensibilityGlobals) = postSolution
		SolutionGuid = {EB5EAA1C-E468-44E2-BB61-514E164BE2B4}
	EndGlobalSection
EndGlobal
